// !$*UTF8*$!
{
	archiveVersion = 1;
	classes = {
	};
	objectVersion = 46;
	objects = {

/* Begin PBXBuildFile section */
		B25F170035C140188A89EFA8 /* libPods.a in Frameworks */ = {isa = PBXBuildFile; fileRef = 3518DBDB4A8E45EB9FB6CC0B /* libPods.a */; settings = {}; };
		BF8C71779B27950B57BCB10F /* DataRefreshService.m in Sources */ = {isa = PBXBuildFile; fileRef = BF8C7C6347304B3795B95B33 /* DataRefreshService.m */; };
		BF8C7414BA32DC351615DAE5 /* WWOApiClient.m in Sources */ = {isa = PBXBuildFile; fileRef = BF8C79986296310A032E5E63 /* WWOApiClient.m */; };
		BF8C789AE86C249A972EE830 /* WorldWeatherOnlineService.m in Sources */ = {isa = PBXBuildFile; fileRef = BF8C71F47B9C1B07CC5BE928 /* WorldWeatherOnlineService.m */; };
		BF8C7CABC3CDA8AB2424D4D5 /* WeatherConditions.m in Sources */ = {isa = PBXBuildFile; fileRef = BF8C70C08BA82365624937EB /* WeatherConditions.m */; };
		BF8C7E7655E3DE1AB8B66E37 /* ConfigService.m in Sources */ = {isa = PBXBuildFile; fileRef = BF8C787CB86DB6F7B83BC658 /* ConfigService.m */; };
		D39D4E4815F92CDD003F530A /* SettingsWindowController.m in Sources */ = {isa = PBXBuildFile; fileRef = D39D4E4615F92CDD003F530A /* SettingsWindowController.m */; };
		D39D4E4915F92CDD003F530A /* SettingsWindowController.xib in Resources */ = {isa = PBXBuildFile; fileRef = D39D4E4715F92CDD003F530A /* SettingsWindowController.xib */; };
		D39D4E5315F93EE0003F530A /* Defaults.plist in Resources */ = {isa = PBXBuildFile; fileRef = D39D4E5215F93EE0003F530A /* Defaults.plist */; };
		D3B67C2915F236FA00F4E681 /* Cocoa.framework in Frameworks */ = {isa = PBXBuildFile; fileRef = D3B67C2815F236FA00F4E681 /* Cocoa.framework */; };
		D3B67C3315F236FA00F4E681 /* InfoPlist.strings in Resources */ = {isa = PBXBuildFile; fileRef = D3B67C3115F236FA00F4E681 /* InfoPlist.strings */; };
		D3B67C3515F236FA00F4E681 /* main.m in Sources */ = {isa = PBXBuildFile; fileRef = D3B67C3415F236FA00F4E681 /* main.m */; };
		D3B67C3915F236FA00F4E681 /* Credits.rtf in Resources */ = {isa = PBXBuildFile; fileRef = D3B67C3715F236FA00F4E681 /* Credits.rtf */; };
		D3B67C3C15F236FA00F4E681 /* AppDelegate.m in Sources */ = {isa = PBXBuildFile; fileRef = D3B67C3B15F236FA00F4E681 /* AppDelegate.m */; };
		D3B67C3F15F236FA00F4E681 /* MainMenu.xib in Resources */ = {isa = PBXBuildFile; fileRef = D3B67C3D15F236FA00F4E681 /* MainMenu.xib */; };
		D3B67CC615F260DF00F4E681 /* Foundation.framework in Frameworks */ = {isa = PBXBuildFile; fileRef = D3B67C2D15F236FA00F4E681 /* Foundation.framework */; };
/* End PBXBuildFile section */

/* Begin PBXFileReference section */
		3518DBDB4A8E45EB9FB6CC0B /* libPods.a */ = {isa = PBXFileReference; explicitFileType = archive.ar; includeInIndex = 0; name = libPods.a; path = libPods.a; sourceTree = BUILT_PRODUCTS_DIR; };
		9304BFB6DE034134A3159E24 /* Pods.xcconfig */ = {isa = PBXFileReference; includeInIndex = 1; lastKnownFileType = text.xcconfig; name = Pods.xcconfig; path = Pods/Pods.xcconfig; sourceTree = SOURCE_ROOT; };
		BF8C70C08BA82365624937EB /* WeatherConditions.m */ = {isa = PBXFileReference; fileEncoding = 4; lastKnownFileType = sourcecode.c.objc; path = WeatherConditions.m; sourceTree = "<group>"; };
		BF8C71F47B9C1B07CC5BE928 /* WorldWeatherOnlineService.m */ = {isa = PBXFileReference; fileEncoding = 4; lastKnownFileType = sourcecode.c.objc; path = WorldWeatherOnlineService.m; sourceTree = "<group>"; };
		BF8C725C9DA4042E3089D740 /* WWOApiClient.h */ = {isa = PBXFileReference; fileEncoding = 4; lastKnownFileType = sourcecode.c.h; path = WWOApiClient.h; sourceTree = "<group>"; };
		BF8C72AF4CF017C13E7DB14A /* WeatherConditionDisplay.h */ = {isa = PBXFileReference; fileEncoding = 4; lastKnownFileType = sourcecode.c.h; path = WeatherConditionDisplay.h; sourceTree = "<group>"; };
		BF8C74D30B05C5E3401CB5E3 /* WeatherConditions.h */ = {isa = PBXFileReference; fileEncoding = 4; lastKnownFileType = sourcecode.c.h; path = WeatherConditions.h; sourceTree = "<group>"; };
		BF8C74F0C4D9943964CF02E1 /* WorldWeatherOnlineService.h */ = {isa = PBXFileReference; fileEncoding = 4; lastKnownFileType = sourcecode.c.h; path = WorldWeatherOnlineService.h; sourceTree = "<group>"; };
		BF8C7528532FECD899D2E7EC /* DataRefreshService.h */ = {isa = PBXFileReference; fileEncoding = 4; lastKnownFileType = sourcecode.c.h; path = DataRefreshService.h; sourceTree = "<group>"; };
		BF8C787CB86DB6F7B83BC658 /* ConfigService.m */ = {isa = PBXFileReference; fileEncoding = 4; lastKnownFileType = sourcecode.c.objc; path = ConfigService.m; sourceTree = "<group>"; };
		BF8C79871E8A2068CBB99636 /* ConfigService.h */ = {isa = PBXFileReference; fileEncoding = 4; lastKnownFileType = sourcecode.c.h; path = ConfigService.h; sourceTree = "<group>"; };
		BF8C79986296310A032E5E63 /* WWOApiClient.m */ = {isa = PBXFileReference; fileEncoding = 4; lastKnownFileType = sourcecode.c.objc; path = WWOApiClient.m; sourceTree = "<group>"; };
		BF8C7B1BB33F8CA035A7D1E3 /* WeatherService.h */ = {isa = PBXFileReference; fileEncoding = 4; lastKnownFileType = sourcecode.c.h; path = WeatherService.h; sourceTree = "<group>"; };
		BF8C7C6347304B3795B95B33 /* DataRefreshService.m */ = {isa = PBXFileReference; fileEncoding = 4; lastKnownFileType = sourcecode.c.objc; path = DataRefreshService.m; sourceTree = "<group>"; };
		D39D4E4515F92CDD003F530A /* SettingsWindowController.h */ = {isa = PBXFileReference; fileEncoding = 4; lastKnownFileType = sourcecode.c.h; path = SettingsWindowController.h; sourceTree = "<group>"; };
		D39D4E4615F92CDD003F530A /* SettingsWindowController.m */ = {isa = PBXFileReference; fileEncoding = 4; lastKnownFileType = sourcecode.c.objc; path = SettingsWindowController.m; sourceTree = "<group>"; };
		D39D4E4715F92CDD003F530A /* SettingsWindowController.xib */ = {isa = PBXFileReference; fileEncoding = 4; lastKnownFileType = file.xib; path = SettingsWindowController.xib; sourceTree = "<group>"; };
		D39D4E5215F93EE0003F530A /* Defaults.plist */ = {isa = PBXFileReference; fileEncoding = 4; lastKnownFileType = text.plist.xml; path = Defaults.plist; sourceTree = "<group>"; };
		D3B67C2415F236FA00F4E681 /* WeatherMenu.app */ = {isa = PBXFileReference; explicitFileType = wrapper.application; includeInIndex = 0; path = WeatherMenu.app; sourceTree = BUILT_PRODUCTS_DIR; };
		D3B67C2815F236FA00F4E681 /* Cocoa.framework */ = {isa = PBXFileReference; lastKnownFileType = wrapper.framework; name = Cocoa.framework; path = System/Library/Frameworks/Cocoa.framework; sourceTree = SDKROOT; };
		D3B67C2B15F236FA00F4E681 /* AppKit.framework */ = {isa = PBXFileReference; lastKnownFileType = wrapper.framework; name = AppKit.framework; path = System/Library/Frameworks/AppKit.framework; sourceTree = SDKROOT; };
		D3B67C2C15F236FA00F4E681 /* CoreData.framework */ = {isa = PBXFileReference; lastKnownFileType = wrapper.framework; name = CoreData.framework; path = System/Library/Frameworks/CoreData.framework; sourceTree = SDKROOT; };
		D3B67C2D15F236FA00F4E681 /* Foundation.framework */ = {isa = PBXFileReference; lastKnownFileType = wrapper.framework; name = Foundation.framework; path = System/Library/Frameworks/Foundation.framework; sourceTree = SDKROOT; };
		D3B67C3015F236FA00F4E681 /* WeatherMenu-Info.plist */ = {isa = PBXFileReference; lastKnownFileType = text.plist.xml; path = "WeatherMenu-Info.plist"; sourceTree = "<group>"; };
		D3B67C3215F236FA00F4E681 /* en */ = {isa = PBXFileReference; lastKnownFileType = text.plist.strings; name = en; path = en.lproj/InfoPlist.strings; sourceTree = "<group>"; };
		D3B67C3415F236FA00F4E681 /* main.m */ = {isa = PBXFileReference; lastKnownFileType = sourcecode.c.objc; path = main.m; sourceTree = "<group>"; };
		D3B67C3615F236FA00F4E681 /* WeatherMenu-Prefix.pch */ = {isa = PBXFileReference; lastKnownFileType = sourcecode.c.h; path = "WeatherMenu-Prefix.pch"; sourceTree = "<group>"; };
		D3B67C3815F236FA00F4E681 /* en */ = {isa = PBXFileReference; lastKnownFileType = text.rtf; name = en; path = en.lproj/Credits.rtf; sourceTree = "<group>"; };
		D3B67C3A15F236FA00F4E681 /* AppDelegate.h */ = {isa = PBXFileReference; lastKnownFileType = sourcecode.c.h; path = AppDelegate.h; sourceTree = "<group>"; };
		D3B67C3B15F236FA00F4E681 /* AppDelegate.m */ = {isa = PBXFileReference; lastKnownFileType = sourcecode.c.objc; path = AppDelegate.m; sourceTree = "<group>"; };
		D3B67C3E15F236FA00F4E681 /* en */ = {isa = PBXFileReference; lastKnownFileType = file.xib; name = en; path = en.lproj/MainMenu.xib; sourceTree = "<group>"; };
/* End PBXFileReference section */

/* Begin PBXFrameworksBuildPhase section */
		D3B67C2115F236FA00F4E681 /* Frameworks */ = {
			isa = PBXFrameworksBuildPhase;
			buildActionMask = 2147483647;
			files = (
				D3B67CC615F260DF00F4E681 /* Foundation.framework in Frameworks */,
				D3B67C2915F236FA00F4E681 /* Cocoa.framework in Frameworks */,
				B25F170035C140188A89EFA8 /* libPods.a in Frameworks */,
			);
			runOnlyForDeploymentPostprocessing = 0;
		};
/* End PBXFrameworksBuildPhase section */

/* Begin PBXGroup section */
		BF8C72B419478D97B302DDC6 /* Services */ = {
			isa = PBXGroup;
			children = (
				BF8C7528532FECD899D2E7EC /* DataRefreshService.h */,
				BF8C7C6347304B3795B95B33 /* DataRefreshService.m */,
				BF8C79871E8A2068CBB99636 /* ConfigService.h */,
				BF8C787CB86DB6F7B83BC658 /* ConfigService.m */,
				BF8C74F0C4D9943964CF02E1 /* WorldWeatherOnlineService.h */,
				BF8C71F47B9C1B07CC5BE928 /* WorldWeatherOnlineService.m */,
				BF8C7B1BB33F8CA035A7D1E3 /* WeatherService.h */,
			);
			path = Services;
			sourceTree = "<group>";
		};
		BF8C762A981665CF10AD3B15 /* Controllers */ = {
			isa = PBXGroup;
			children = (
				BF8C72AF4CF017C13E7DB14A /* WeatherConditionDisplay.h */,
				D39D4E4515F92CDD003F530A /* SettingsWindowController.h */,
				D39D4E4615F92CDD003F530A /* SettingsWindowController.m */,
				D39D4E4715F92CDD003F530A /* SettingsWindowController.xib */,
			);
			path = Controllers;
			sourceTree = "<group>";
		};
		BF8C7708846B59D045810460 /* API */ = {
			isa = PBXGroup;
			children = (
				BF8C7FAB03E48C86AE249310 /* WWO */,
			);
			path = API;
			sourceTree = "<group>";
		};
		BF8C7AFD999C5F14D8B64B42 /* Models */ = {
			isa = PBXGroup;
			children = (
				BF8C74D30B05C5E3401CB5E3 /* WeatherConditions.h */,
				BF8C70C08BA82365624937EB /* WeatherConditions.m */,
			);
			path = Models;
			sourceTree = "<group>";
		};
		BF8C7FAB03E48C86AE249310 /* WWO */ = {
			isa = PBXGroup;
			children = (
				BF8C725C9DA4042E3089D740 /* WWOApiClient.h */,
				BF8C79986296310A032E5E63 /* WWOApiClient.m */,
			);
			path = WWO;
			sourceTree = "<group>";
		};
		D3B67C1915F236FA00F4E681 = {
			isa = PBXGroup;
			children = (
				D3B67C2E15F236FA00F4E681 /* WeatherMenu */,
				D3B67C2715F236FA00F4E681 /* Frameworks */,
				D3B67C2515F236FA00F4E681 /* Products */,
				9304BFB6DE034134A3159E24 /* Pods.xcconfig */,
			);
			sourceTree = "<group>";
		};
		D3B67C2515F236FA00F4E681 /* Products */ = {
			isa = PBXGroup;
			children = (
				D3B67C2415F236FA00F4E681 /* WeatherMenu.app */,
			);
			name = Products;
			sourceTree = "<group>";
		};
		D3B67C2715F236FA00F4E681 /* Frameworks */ = {
			isa = PBXGroup;
			children = (
				D3B67C2815F236FA00F4E681 /* Cocoa.framework */,
				D3B67C2A15F236FA00F4E681 /* Other Frameworks */,
				3518DBDB4A8E45EB9FB6CC0B /* libPods.a */,
			);
			name = Frameworks;
			sourceTree = "<group>";
		};
		D3B67C2A15F236FA00F4E681 /* Other Frameworks */ = {
			isa = PBXGroup;
			children = (
				D3B67C2B15F236FA00F4E681 /* AppKit.framework */,
				D3B67C2C15F236FA00F4E681 /* CoreData.framework */,
				D3B67C2D15F236FA00F4E681 /* Foundation.framework */,
			);
			name = "Other Frameworks";
			sourceTree = "<group>";
		};
		D3B67C2E15F236FA00F4E681 /* WeatherMenu */ = {
			isa = PBXGroup;
			children = (
				D3B67C3A15F236FA00F4E681 /* AppDelegate.h */,
				D3B67C3B15F236FA00F4E681 /* AppDelegate.m */,
				D3B67C3D15F236FA00F4E681 /* MainMenu.xib */,
				D3B67C2F15F236FA00F4E681 /* Supporting Files */,
				BF8C72B419478D97B302DDC6 /* Services */,
				BF8C7AFD999C5F14D8B64B42 /* Models */,
				BF8C7708846B59D045810460 /* API */,
				BF8C762A981665CF10AD3B15 /* Controllers */,
			);
			path = WeatherMenu;
			sourceTree = "<group>";
		};
		D3B67C2F15F236FA00F4E681 /* Supporting Files */ = {
			isa = PBXGroup;
			children = (
				D3B67C3015F236FA00F4E681 /* WeatherMenu-Info.plist */,
				D3B67C3115F236FA00F4E681 /* InfoPlist.strings */,
				D3B67C3415F236FA00F4E681 /* main.m */,
				D3B67C3615F236FA00F4E681 /* WeatherMenu-Prefix.pch */,
				D3B67C3715F236FA00F4E681 /* Credits.rtf */,
				D39D4E5215F93EE0003F530A /* Defaults.plist */,
			);
			name = "Supporting Files";
			sourceTree = "<group>";
		};
/* End PBXGroup section */

/* Begin PBXNativeTarget section */
		D3B67C2315F236FA00F4E681 /* WeatherMenu */ = {
			isa = PBXNativeTarget;
			buildConfigurationList = D3B67C4215F236FA00F4E681 /* Build configuration list for PBXNativeTarget "WeatherMenu" */;
			buildPhases = (
				D3B67C2015F236FA00F4E681 /* Sources */,
				D3B67C2115F236FA00F4E681 /* Frameworks */,
				D3B67C2215F236FA00F4E681 /* Resources */,
				CB4E2B2E55634BC3BD6C5549 /* Copy Pods Resources */,
			);
			buildRules = (
			);
			dependencies = (
			);
			name = WeatherMenu;
			productName = WeatherMenu;
			productReference = D3B67C2415F236FA00F4E681 /* WeatherMenu.app */;
			productType = "com.apple.product-type.application";
		};
/* End PBXNativeTarget section */

/* Begin PBXProject section */
		D3B67C1B15F236FA00F4E681 /* Project object */ = {
			isa = PBXProject;
			attributes = {
				LastUpgradeCheck = 0440;
				ORGANIZATIONNAME = "Senco Software";
			};
			buildConfigurationList = D3B67C1E15F236FA00F4E681 /* Build configuration list for PBXProject "WeatherMenu" */;
			compatibilityVersion = "Xcode 3.2";
			developmentRegion = English;
			hasScannedForEncodings = 0;
			knownRegions = (
				en,
			);
			mainGroup = D3B67C1915F236FA00F4E681;
			productRefGroup = D3B67C2515F236FA00F4E681 /* Products */;
			projectDirPath = "";
			projectReferences = (
			);
			projectRoot = "";
			targets = (
				D3B67C2315F236FA00F4E681 /* WeatherMenu */,
			);
		};
/* End PBXProject section */

/* Begin PBXResourcesBuildPhase section */
		D3B67C2215F236FA00F4E681 /* Resources */ = {
			isa = PBXResourcesBuildPhase;
			buildActionMask = 2147483647;
			files = (
				D3B67C3315F236FA00F4E681 /* InfoPlist.strings in Resources */,
				D3B67C3915F236FA00F4E681 /* Credits.rtf in Resources */,
				D3B67C3F15F236FA00F4E681 /* MainMenu.xib in Resources */,
				D39D4E4915F92CDD003F530A /* SettingsWindowController.xib in Resources */,
				D39D4E5315F93EE0003F530A /* Defaults.plist in Resources */,
			);
			runOnlyForDeploymentPostprocessing = 0;
		};
/* End PBXResourcesBuildPhase section */

/* Begin PBXShellScriptBuildPhase section */
		CB4E2B2E55634BC3BD6C5549 /* Copy Pods Resources */ = {
			isa = PBXShellScriptBuildPhase;
			buildActionMask = 2147483647;
			files = (
			);
			inputPaths = (
			);
			name = "Copy Pods Resources";
			outputPaths = (
			);
			runOnlyForDeploymentPostprocessing = 0;
			shellPath = /bin/sh;
			shellScript = "\"${SRCROOT}/Pods/Pods-resources.sh\"\n";
			showEnvVarsInLog = 1;
		};
/* End PBXShellScriptBuildPhase section */

/* Begin PBXSourcesBuildPhase section */
		D3B67C2015F236FA00F4E681 /* Sources */ = {
			isa = PBXSourcesBuildPhase;
			buildActionMask = 2147483647;
			files = (
				D3B67C3515F236FA00F4E681 /* main.m in Sources */,
				D3B67C3C15F236FA00F4E681 /* AppDelegate.m in Sources */,
				BF8C7CABC3CDA8AB2424D4D5 /* WeatherConditions.m in Sources */,
				BF8C789AE86C249A972EE830 /* WorldWeatherOnlineService.m in Sources */,
				BF8C7414BA32DC351615DAE5 /* WWOApiClient.m in Sources */,
				D39D4E4815F92CDD003F530A /* SettingsWindowController.m in Sources */,
				BF8C7E7655E3DE1AB8B66E37 /* ConfigService.m in Sources */,
				BF8C71779B27950B57BCB10F /* DataRefreshService.m in Sources */,
			);
			runOnlyForDeploymentPostprocessing = 0;
		};
/* End PBXSourcesBuildPhase section */

/* Begin PBXVariantGroup section */
		D3B67C3115F236FA00F4E681 /* InfoPlist.strings */ = {
			isa = PBXVariantGroup;
			children = (
				D3B67C3215F236FA00F4E681 /* en */,
			);
			name = InfoPlist.strings;
			sourceTree = "<group>";
		};
		D3B67C3715F236FA00F4E681 /* Credits.rtf */ = {
			isa = PBXVariantGroup;
			children = (
				D3B67C3815F236FA00F4E681 /* en */,
			);
			name = Credits.rtf;
			sourceTree = "<group>";
		};
		D3B67C3D15F236FA00F4E681 /* MainMenu.xib */ = {
			isa = PBXVariantGroup;
			children = (
				D3B67C3E15F236FA00F4E681 /* en */,
			);
			name = MainMenu.xib;
			sourceTree = "<group>";
		};
/* End PBXVariantGroup section */

/* Begin XCBuildConfiguration section */
		D3B67C4015F236FA00F4E681 /* Debug */ = {
			isa = XCBuildConfiguration;
			buildSettings = {
				ALWAYS_SEARCH_USER_PATHS = NO;
				ARCHS = "$(ARCHS_STANDARD_64_BIT)";
				CLANG_CXX_LANGUAGE_STANDARD = "gnu++0x";
				CLANG_ENABLE_OBJC_ARC = YES;
				CLANG_WARN__DUPLICATE_METHOD_MATCH = YES;
				COPY_PHASE_STRIP = NO;
				GCC_C_LANGUAGE_STANDARD = gnu99;
				GCC_DYNAMIC_NO_PIC = NO;
				GCC_ENABLE_OBJC_EXCEPTIONS = YES;
				GCC_OPTIMIZATION_LEVEL = 0;
				GCC_PREPROCESSOR_DEFINITIONS = (
					"DEBUG=1",
					"$(inherited)",
				);
				GCC_SYMBOLS_PRIVATE_EXTERN = NO;
				GCC_WARN_64_TO_32_BIT_CONVERSION = YES;
				GCC_WARN_ABOUT_RETURN_TYPE = YES;
				GCC_WARN_UNINITIALIZED_AUTOS = YES;
				GCC_WARN_UNUSED_VARIABLE = YES;
				MACOSX_DEPLOYMENT_TARGET = 10.8;
				ONLY_ACTIVE_ARCH = YES;
				SDKROOT = macosx;
			};
			name = Debug;
		};
		D3B67C4115F236FA00F4E681 /* Release */ = {
			isa = XCBuildConfiguration;
			buildSettings = {
				ALWAYS_SEARCH_USER_PATHS = NO;
				ARCHS = "$(ARCHS_STANDARD_64_BIT)";
				CLANG_CXX_LANGUAGE_STANDARD = "gnu++0x";
				CLANG_ENABLE_OBJC_ARC = YES;
				CLANG_WARN__DUPLICATE_METHOD_MATCH = YES;
				COPY_PHASE_STRIP = YES;
				DEBUG_INFORMATION_FORMAT = "dwarf-with-dsym";
				GCC_C_LANGUAGE_STANDARD = gnu99;
				GCC_ENABLE_OBJC_EXCEPTIONS = YES;
				GCC_WARN_64_TO_32_BIT_CONVERSION = YES;
				GCC_WARN_ABOUT_RETURN_TYPE = YES;
				GCC_WARN_UNINITIALIZED_AUTOS = YES;
				GCC_WARN_UNUSED_VARIABLE = YES;
				MACOSX_DEPLOYMENT_TARGET = 10.8;
				SDKROOT = macosx;
			};
			name = Release;
		};
		D3B67C4315F236FA00F4E681 /* Debug */ = {
			isa = XCBuildConfiguration;
			baseConfigurationReference = 9304BFB6DE034134A3159E24 /* Pods.xcconfig */;
			buildSettings = {
				COMBINE_HIDPI_IMAGES = YES;
				GCC_PRECOMPILE_PREFIX_HEADER = YES;
				GCC_PREFIX_HEADER = "WeatherMenu/WeatherMenu-Prefix.pch";
				INFOPLIST_FILE = "WeatherMenu/WeatherMenu-Info.plist";
				PRODUCT_NAME = "$(TARGET_NAME)";
				WRAPPER_EXTENSION = app;
			};
			name = Debug;
		};
		D3B67C4415F236FA00F4E681 /* Release */ = {
			isa = XCBuildConfiguration;
			baseConfigurationReference = 9304BFB6DE034134A3159E24 /* Pods.xcconfig */;
			buildSettings = {
				COMBINE_HIDPI_IMAGES = YES;
				GCC_PRECOMPILE_PREFIX_HEADER = YES;
				GCC_PREFIX_HEADER = "WeatherMenu/WeatherMenu-Prefix.pch";
				INFOPLIST_FILE = "WeatherMenu/WeatherMenu-Info.plist";
				PRODUCT_NAME = "$(TARGET_NAME)";
				WRAPPER_EXTENSION = app;
			};
			name = Release;
		};
/* End XCBuildConfiguration section */

/* Begin XCConfigurationList section */
		D3B67C1E15F236FA00F4E681 /* Build configuration list for PBXProject "WeatherMenu" */ = {
			isa = XCConfigurationList;
			buildConfigurations = (
				D3B67C4015F236FA00F4E681 /* Debug */,
				D3B67C4115F236FA00F4E681 /* Release */,
			);
			defaultConfigurationIsVisible = 0;
			defaultConfigurationName = Release;
		};
		D3B67C4215F236FA00F4E681 /* Build configuration list for PBXNativeTarget "WeatherMenu" */ = {
			isa = XCConfigurationList;
			buildConfigurations = (
				D3B67C4315F236FA00F4E681 /* Debug */,
				D3B67C4415F236FA00F4E681 /* Release */,
			);
			defaultConfigurationIsVisible = 0;
			defaultConfigurationName = Release;
		};
/* End XCConfigurationList section */
	};
	rootObject = D3B67C1B15F236FA00F4E681 /* Project object */;
}
